// !$*UTF8*$!
{
	archiveVersion = 1;
	classes = {
	};
	objectVersion = 46;
	objects = {

/* Begin PBXBuildFile section */
		47421246193FF35300E371DA /* Foundation.framework in Frameworks */ = {isa = PBXBuildFile; fileRef = 47421245193FF35300E371DA /* Foundation.framework */; };
		47421248193FF35300E371DA /* CoreGraphics.framework in Frameworks */ = {isa = PBXBuildFile; fileRef = 47421247193FF35300E371DA /* CoreGraphics.framework */; };
		4742124A193FF35300E371DA /* UIKit.framework in Frameworks */ = {isa = PBXBuildFile; fileRef = 47421249193FF35300E371DA /* UIKit.framework */; };
		47421250193FF35300E371DA /* InfoPlist.strings in Resources */ = {isa = PBXBuildFile; fileRef = 4742124E193FF35300E371DA /* InfoPlist.strings */; };
		47421252193FF35300E371DA /* main.m in Sources */ = {isa = PBXBuildFile; fileRef = 47421251193FF35300E371DA /* main.m */; };
		47421256193FF35300E371DA /* DrumsAppDelegate.m in Sources */ = {isa = PBXBuildFile; fileRef = 47421255193FF35300E371DA /* DrumsAppDelegate.m */; };
		47421259193FF35300E371DA /* Main.storyboard in Resources */ = {isa = PBXBuildFile; fileRef = 47421257193FF35300E371DA /* Main.storyboard */; };
		4742125C193FF35300E371DA /* DrumsViewController.m in Sources */ = {isa = PBXBuildFile; fileRef = 4742125B193FF35300E371DA /* DrumsViewController.m */; };
		4742125E193FF35300E371DA /* Images.xcassets in Resources */ = {isa = PBXBuildFile; fileRef = 4742125D193FF35300E371DA /* Images.xcassets */; };
		47421265193FF35300E371DA /* XCTest.framework in Frameworks */ = {isa = PBXBuildFile; fileRef = 47421264193FF35300E371DA /* XCTest.framework */; };
		47421266193FF35300E371DA /* Foundation.framework in Frameworks */ = {isa = PBXBuildFile; fileRef = 47421245193FF35300E371DA /* Foundation.framework */; };
		47421267193FF35300E371DA /* UIKit.framework in Frameworks */ = {isa = PBXBuildFile; fileRef = 47421249193FF35300E371DA /* UIKit.framework */; };
		4742126F193FF35300E371DA /* InfoPlist.strings in Resources */ = {isa = PBXBuildFile; fileRef = 4742126D193FF35300E371DA /* InfoPlist.strings */; };
		47421271193FF35300E371DA /* testApp1Tests.m in Sources */ = {isa = PBXBuildFile; fileRef = 47421270193FF35300E371DA /* testApp1Tests.m */; };
/* End PBXBuildFile section */

/* Begin PBXContainerItemProxy section */
		47421268193FF35300E371DA /* PBXContainerItemProxy */ = {
			isa = PBXContainerItemProxy;
			containerPortal = 4742123A193FF35300E371DA /* Project object */;
			proxyType = 1;
			remoteGlobalIDString = 47421241193FF35300E371DA;
			remoteInfo = testApp1;
		};
/* End PBXContainerItemProxy section */

/* Begin PBXFileReference section */
		47421242193FF35300E371DA /* testApp1.app */ = {isa = PBXFileReference; explicitFileType = wrapper.application; includeInIndex = 0; path = testApp1.app; sourceTree = BUILT_PRODUCTS_DIR; };
		47421245193FF35300E371DA /* Foundation.framework */ = {isa = PBXFileReference; lastKnownFileType = wrapper.framework; name = Foundation.framework; path = System/Library/Frameworks/Foundation.framework; sourceTree = SDKROOT; };
		47421247193FF35300E371DA /* CoreGraphics.framework */ = {isa = PBXFileReference; lastKnownFileType = wrapper.framework; name = CoreGraphics.framework; path = System/Library/Frameworks/CoreGraphics.framework; sourceTree = SDKROOT; };
		47421249193FF35300E371DA /* UIKit.framework */ = {isa = PBXFileReference; lastKnownFileType = wrapper.framework; name = UIKit.framework; path = System/Library/Frameworks/UIKit.framework; sourceTree = SDKROOT; };
		4742124D193FF35300E371DA /* testApp1-Info.plist */ = {isa = PBXFileReference; lastKnownFileType = text.plist.xml; path = "testApp1-Info.plist"; sourceTree = "<group>"; };
		4742124F193FF35300E371DA /* en */ = {isa = PBXFileReference; lastKnownFileType = text.plist.strings; name = en; path = en.lproj/InfoPlist.strings; sourceTree = "<group>"; };
		47421251193FF35300E371DA /* main.m */ = {isa = PBXFileReference; lastKnownFileType = sourcecode.c.objc; path = main.m; sourceTree = "<group>"; };
		47421253193FF35300E371DA /* testApp1-Prefix.pch */ = {isa = PBXFileReference; lastKnownFileType = sourcecode.c.h; path = "testApp1-Prefix.pch"; sourceTree = "<group>"; };
		47421254193FF35300E371DA /* DrumsAppDelegate.h */ = {isa = PBXFileReference; lastKnownFileType = sourcecode.c.h; path = DrumsAppDelegate.h; sourceTree = "<group>"; };
		47421255193FF35300E371DA /* DrumsAppDelegate.m */ = {isa = PBXFileReference; lastKnownFileType = sourcecode.c.objc; path = DrumsAppDelegate.m; sourceTree = "<group>"; };
		47421258193FF35300E371DA /* Base */ = {isa = PBXFileReference; lastKnownFileType = file.storyboard; name = Base; path = Base.lproj/Main.storyboard; sourceTree = "<group>"; };
		4742125A193FF35300E371DA /* DrumsViewController.h */ = {isa = PBXFileReference; lastKnownFileType = sourcecode.c.h; path = DrumsViewController.h; sourceTree = "<group>"; };
		4742125B193FF35300E371DA /* DrumsViewController.m */ = {isa = PBXFileReference; lastKnownFileType = sourcecode.c.objc; path = DrumsViewController.m; sourceTree = "<group>"; };
		4742125D193FF35300E371DA /* Images.xcassets */ = {isa = PBXFileReference; lastKnownFileType = folder.assetcatalog; path = Images.xcassets; sourceTree = "<group>"; };
		47421263193FF35300E371DA /* testApp1Tests.xctest */ = {isa = PBXFileReference; explicitFileType = wrapper.cfbundle; includeInIndex = 0; path = testApp1Tests.xctest; sourceTree = BUILT_PRODUCTS_DIR; };
		47421264193FF35300E371DA /* XCTest.framework */ = {isa = PBXFileReference; lastKnownFileType = wrapper.framework; name = XCTest.framework; path = Library/Frameworks/XCTest.framework; sourceTree = DEVELOPER_DIR; };
		4742126C193FF35300E371DA /* testApp1Tests-Info.plist */ = {isa = PBXFileReference; lastKnownFileType = text.plist.xml; path = "testApp1Tests-Info.plist"; sourceTree = "<group>"; };
		4742126E193FF35300E371DA /* en */ = {isa = PBXFileReference; lastKnownFileType = text.plist.strings; name = en; path = en.lproj/InfoPlist.strings; sourceTree = "<group>"; };
		47421270193FF35300E371DA /* testApp1Tests.m */ = {isa = PBXFileReference; lastKnownFileType = sourcecode.c.objc; path = testApp1Tests.m; sourceTree = "<group>"; };
/* End PBXFileReference section */

/* Begin PBXFrameworksBuildPhase section */
		4742123F193FF35300E371DA /* Frameworks */ = {
			isa = PBXFrameworksBuildPhase;
			buildActionMask = 2147483647;
			files = (
				47421248193FF35300E371DA /* CoreGraphics.framework in Frameworks */,
				4742124A193FF35300E371DA /* UIKit.framework in Frameworks */,
				47421246193FF35300E371DA /* Foundation.framework in Frameworks */,
			);
			runOnlyForDeploymentPostprocessing = 0;
		};
		47421260193FF35300E371DA /* Frameworks */ = {
			isa = PBXFrameworksBuildPhase;
			buildActionMask = 2147483647;
			files = (
				47421265193FF35300E371DA /* XCTest.framework in Frameworks */,
				47421267193FF35300E371DA /* UIKit.framework in Frameworks */,
				47421266193FF35300E371DA /* Foundation.framework in Frameworks */,
			);
			runOnlyForDeploymentPostprocessing = 0;
		};
/* End PBXFrameworksBuildPhase section */

/* Begin PBXGroup section */
		47421239193FF35300E371DA = {
			isa = PBXGroup;
			children = (
				4742124B193FF35300E371DA /* testApp1 */,
				4742126A193FF35300E371DA /* testApp1Tests */,
				47421244193FF35300E371DA /* Frameworks */,
				47421243193FF35300E371DA /* Products */,
			);
			sourceTree = "<group>";
		};
		47421243193FF35300E371DA /* Products */ = {
			isa = PBXGroup;
			children = (
				47421242193FF35300E371DA /* testApp1.app */,
				47421263193FF35300E371DA /* testApp1Tests.xctest */,
			);
			name = Products;
			sourceTree = "<group>";
		};
		47421244193FF35300E371DA /* Frameworks */ = {
			isa = PBXGroup;
			children = (
				47421245193FF35300E371DA /* Foundation.framework */,
				47421247193FF35300E371DA /* CoreGraphics.framework */,
				47421249193FF35300E371DA /* UIKit.framework */,
				47421264193FF35300E371DA /* XCTest.framework */,
			);
			name = Frameworks;
			sourceTree = "<group>";
		};
		4742124B193FF35300E371DA /* testApp1 */ = {
			isa = PBXGroup;
			children = (
				47421254193FF35300E371DA /* DrumsAppDelegate.h */,
				47421255193FF35300E371DA /* DrumsAppDelegate.m */,
				47421257193FF35300E371DA /* Main.storyboard */,
				4742125A193FF35300E371DA /* DrumsViewController.h */,
				4742125B193FF35300E371DA /* DrumsViewController.m */,
				4742125D193FF35300E371DA /* Images.xcassets */,
				4742124C193FF35300E371DA /* Supporting Files */,
			);
			path = testApp1;
			sourceTree = "<group>";
		};
		4742124C193FF35300E371DA /* Supporting Files */ = {
			isa = PBXGroup;
			children = (
				4742124D193FF35300E371DA /* testApp1-Info.plist */,
				4742124E193FF35300E371DA /* InfoPlist.strings */,
				47421251193FF35300E371DA /* main.m */,
				47421253193FF35300E371DA /* testApp1-Prefix.pch */,
			);
			name = "Supporting Files";
			sourceTree = "<group>";
		};
		4742126A193FF35300E371DA /* testApp1Tests */ = {
			isa = PBXGroup;
			children = (
				47421270193FF35300E371DA /* testApp1Tests.m */,
				4742126B193FF35300E371DA /* Supporting Files */,
			);
			path = testApp1Tests;
			sourceTree = "<group>";
		};
		4742126B193FF35300E371DA /* Supporting Files */ = {
			isa = PBXGroup;
			children = (
				4742126C193FF35300E371DA /* testApp1Tests-Info.plist */,
				4742126D193FF35300E371DA /* InfoPlist.strings */,
			);
			name = "Supporting Files";
			sourceTree = "<group>";
		};
/* End PBXGroup section */

/* Begin PBXNativeTarget section */
		47421241193FF35300E371DA /* testApp1 */ = {
			isa = PBXNativeTarget;
			buildConfigurationList = 47421274193FF35300E371DA /* Build configuration list for PBXNativeTarget "testApp1" */;
			buildPhases = (
				4742123E193FF35300E371DA /* Sources */,
				4742123F193FF35300E371DA /* Frameworks */,
				47421240193FF35300E371DA /* Resources */,
			);
			buildRules = (
			);
			dependencies = (
			);
			name = testApp1;
			productName = testApp1;
			productReference = 47421242193FF35300E371DA /* testApp1.app */;
			productType = "com.apple.product-type.application";
		};
		47421262193FF35300E371DA /* testApp1Tests */ = {
			isa = PBXNativeTarget;
			buildConfigurationList = 47421277193FF35300E371DA /* Build configuration list for PBXNativeTarget "testApp1Tests" */;
			buildPhases = (
				4742125F193FF35300E371DA /* Sources */,
				47421260193FF35300E371DA /* Frameworks */,
				47421261193FF35300E371DA /* Resources */,
			);
			buildRules = (
			);
			dependencies = (
				47421269193FF35300E371DA /* PBXTargetDependency */,
			);
			name = testApp1Tests;
			productName = testApp1Tests;
			productReference = 47421263193FF35300E371DA /* testApp1Tests.xctest */;
			productType = "com.apple.product-type.bundle.unit-test";
		};
/* End PBXNativeTarget section */

/* Begin PBXProject section */
		4742123A193FF35300E371DA /* Project object */ = {
			isa = PBXProject;
			attributes = {
				CLASSPREFIX = Drums;
				LastUpgradeCheck = 0510;
				ORGANIZATIONNAME = "ZhongLin Yuan";
				TargetAttributes = {
					47421262193FF35300E371DA = {
						TestTargetID = 47421241193FF35300E371DA;
					};
				};
			};
			buildConfigurationList = 4742123D193FF35300E371DA /* Build configuration list for PBXProject "testApp1" */;
			compatibilityVersion = "Xcode 3.2";
			developmentRegion = English;
			hasScannedForEncodings = 0;
			knownRegions = (
				en,
				Base,
			);
			mainGroup = 47421239193FF35300E371DA;
			productRefGroup = 47421243193FF35300E371DA /* Products */;
			projectDirPath = "";
			projectRoot = "";
			targets = (
				47421241193FF35300E371DA /* testApp1 */,
				47421262193FF35300E371DA /* testApp1Tests */,
			);
		};
/* End PBXProject section */

/* Begin PBXResourcesBuildPhase section */
		47421240193FF35300E371DA /* Resources */ = {
			isa = PBXResourcesBuildPhase;
			buildActionMask = 2147483647;
			files = (
				4742125E193FF35300E371DA /* Images.xcassets in Resources */,
				47421250193FF35300E371DA /* InfoPlist.strings in Resources */,
				47421259193FF35300E371DA /* Main.storyboard in Resources */,
			);
			runOnlyForDeploymentPostprocessing = 0;
		};
		47421261193FF35300E371DA /* Resources */ = {
			isa = PBXResourcesBuildPhase;
			buildActionMask = 2147483647;
			files = (
				4742126F193FF35300E371DA /* InfoPlist.strings in Resources */,
			);
			runOnlyForDeploymentPostprocessing = 0;
		};
/* End PBXResourcesBuildPhase section */

/* Begin PBXSourcesBuildPhase section */
		4742123E193FF35300E371DA /* Sources */ = {
			isa = PBXSourcesBuildPhase;
			buildActionMask = 2147483647;
			files = (
				4742125C193FF35300E371DA /* DrumsViewController.m in Sources */,
				47421256193FF35300E371DA /* DrumsAppDelegate.m in Sources */,
				47421252193FF35300E371DA /* main.m in Sources */,
			);
			runOnlyForDeploymentPostprocessing = 0;
		};
		4742125F193FF35300E371DA /* Sources */ = {
			isa = PBXSourcesBuildPhase;
			buildActionMask = 2147483647;
			files = (
				47421271193FF35300E371DA /* testApp1Tests.m in Sources */,
			);
			runOnlyForDeploymentPostprocessing = 0;
		};
/* End PBXSourcesBuildPhase section */

/* Begin PBXTargetDependency section */
		47421269193FF35300E371DA /* PBXTargetDependency */ = {
			isa = PBXTargetDependency;
			target = 47421241193FF35300E371DA /* testApp1 */;
			targetProxy = 47421268193FF35300E371DA /* PBXContainerItemProxy */;
		};
/* End PBXTargetDependency section */

/* Begin PBXVariantGroup section */
		4742124E193FF35300E371DA /* InfoPlist.strings */ = {
			isa = PBXVariantGroup;
			children = (
				4742124F193FF35300E371DA /* en */,
			);
			name = InfoPlist.strings;
			sourceTree = "<group>";
		};
		47421257193FF35300E371DA /* Main.storyboard */ = {
			isa = PBXVariantGroup;
			children = (
				47421258193FF35300E371DA /* Base */,
			);
			name = Main.storyboard;
			sourceTree = "<group>";
		};
		4742126D193FF35300E371DA /* InfoPlist.strings */ = {
			isa = PBXVariantGroup;
			children = (
				4742126E193FF35300E371DA /* en */,
			);
			name = InfoPlist.strings;
			sourceTree = "<group>";
		};
/* End PBXVariantGroup section */

/* Begin XCBuildConfiguration section */
		47421272193FF35300E371DA /* Debug */ = {
			isa = XCBuildConfiguration;
			buildSettings = {
				ALWAYS_SEARCH_USER_PATHS = NO;
				CLANG_CXX_LANGUAGE_STANDARD = "gnu++0x";
				CLANG_CXX_LIBRARY = "libc++";
				CLANG_ENABLE_MODULES = YES;
				CLANG_ENABLE_OBJC_ARC = YES;
				CLANG_WARN_BOOL_CONVERSION = YES;
				CLANG_WARN_CONSTANT_CONVERSION = YES;
				CLANG_WARN_DIRECT_OBJC_ISA_USAGE = YES_ERROR;
				CLANG_WARN_EMPTY_BODY = YES;
				CLANG_WARN_ENUM_CONVERSION = YES;
				CLANG_WARN_INT_CONVERSION = YES;
				CLANG_WARN_OBJC_ROOT_CLASS = YES_ERROR;
				CLANG_WARN__DUPLICATE_METHOD_MATCH = YES;
				"CODE_SIGN_IDENTITY[sdk=iphoneos*]" = "iPhone Developer";
				COPY_PHASE_STRIP = NO;
				GCC_C_LANGUAGE_STANDARD = gnu99;
				GCC_DYNAMIC_NO_PIC = NO;
				GCC_OPTIMIZATION_LEVEL = 0;
				GCC_PREPROCESSOR_DEFINITIONS = (
					"DEBUG=1",
					"$(inherited)",
				);
				GCC_SYMBOLS_PRIVATE_EXTERN = NO;
				GCC_WARN_64_TO_32_BIT_CONVERSION = YES;
				GCC_WARN_ABOUT_RETURN_TYPE = YES_ERROR;
				GCC_WARN_UNDECLARED_SELECTOR = YES;
				GCC_WARN_UNINITIALIZED_AUTOS = YES_AGGRESSIVE;
				GCC_WARN_UNUSED_FUNCTION = YES;
				GCC_WARN_UNUSED_VARIABLE = YES;
				IPHONEOS_DEPLOYMENT_TARGET = 7.1;
				ONLY_ACTIVE_ARCH = YES;
				SDKROOT = iphoneos;
			};
			name = Debug;
		};
		47421273193FF35300E371DA /* Release */ = {
			isa = XCBuildConfiguration;
			buildSettings = {
				ALWAYS_SEARCH_USER_PATHS = NO;
				CLANG_CXX_LANGUAGE_STANDARD = "gnu++0x";
				CLANG_CXX_LIBRARY = "libc++";
				CLANG_ENABLE_MODULES = YES;
				CLANG_ENABLE_OBJC_ARC = YES;
				CLANG_WARN_BOOL_CONVERSION = YES;
				CLANG_WARN_CONSTANT_CONVERSION = YES;
				CLANG_WARN_DIRECT_OBJC_ISA_USAGE = YES_ERROR;
				CLANG_WARN_EMPTY_BODY = YES;
				CLANG_WARN_ENUM_CONVERSION = YES;
				CLANG_WARN_INT_CONVERSION = YES;
				CLANG_WARN_OBJC_ROOT_CLASS = YES_ERROR;
				CLANG_WARN__DUPLICATE_METHOD_MATCH = YES;
				"CODE_SIGN_IDENTITY[sdk=iphoneos*]" = "iPhone Developer";
				COPY_PHASE_STRIP = YES;
				ENABLE_NS_ASSERTIONS = NO;
				GCC_C_LANGUAGE_STANDARD = gnu99;
				GCC_WARN_64_TO_32_BIT_CONVERSION = YES;
				GCC_WARN_ABOUT_RETURN_TYPE = YES_ERROR;
				GCC_WARN_UNDECLARED_SELECTOR = YES;
				GCC_WARN_UNINITIALIZED_AUTOS = YES_AGGRESSIVE;
				GCC_WARN_UNUSED_FUNCTION = YES;
				GCC_WARN_UNUSED_VARIABLE = YES;
				IPHONEOS_DEPLOYMENT_TARGET = 7.1;
				SDKROOT = iphoneos;
				VALIDATE_PRODUCT = YES;
			};
			name = Release;
		};
		47421275193FF35300E371DA /* Debug */ = {
			isa = XCBuildConfiguration;
			buildSettings = {
				ASSETCATALOG_COMPILER_APPICON_NAME = AppIcon;
				ASSETCATALOG_COMPILER_LAUNCHIMAGE_NAME = LaunchImage;
				GCC_PRECOMPILE_PREFIX_HEADER = YES;
				GCC_PREFIX_HEADER = "testApp1/testApp1-Prefix.pch";
				INFOPLIST_FILE = "testApp1/testApp1-Info.plist";
				PRODUCT_NAME = "$(TARGET_NAME)";
				WRAPPER_EXTENSION = app;
			};
			name = Debug;
		};
		47421276193FF35300E371DA /* Release */ = {
			isa = XCBuildConfiguration;
			buildSettings = {
				ASSETCATALOG_COMPILER_APPICON_NAME = AppIcon;
				ASSETCATALOG_COMPILER_LAUNCHIMAGE_NAME = LaunchImage;
				GCC_PRECOMPILE_PREFIX_HEADER = YES;
				GCC_PREFIX_HEADER = "testApp1/testApp1-Prefix.pch";
				INFOPLIST_FILE = "testApp1/testApp1-Info.plist";
				PRODUCT_NAME = "$(TARGET_NAME)";
				WRAPPER_EXTENSION = app;
			};
			name = Release;
		};
		47421278193FF35300E371DA /* Debug */ = {
			isa = XCBuildConfiguration;
			buildSettings = {
				BUNDLE_LOADER = "$(BUILT_PRODUCTS_DIR)/testApp1.app/testApp1";
				FRAMEWORK_SEARCH_PATHS = (
					"$(SDKROOT)/Developer/Library/Frameworks",
					"$(inherited)",
					"$(DEVELOPER_FRAMEWORKS_DIR)",
				);
				GCC_PRECOMPILE_PREFIX_HEADER = YES;
				GCC_PREFIX_HEADER = "testApp1/testApp1-Prefix.pch";
				GCC_PREPROCESSOR_DEFINITIONS = (
					"DEBUG=1",
					"$(inherited)",
				);
				INFOPLIST_FILE = "testApp1Tests/testApp1Tests-Info.plist";
				PRODUCT_NAME = "$(TARGET_NAME)";
				TEST_HOST = "$(BUNDLE_LOADER)";
				WRAPPER_EXTENSION = xctest;
			};
			name = Debug;
		};
		47421279193FF35300E371DA /* Release */ = {
			isa = XCBuildConfiguration;
			buildSettings = {
				BUNDLE_LOADER = "$(BUILT_PRODUCTS_DIR)/testApp1.app/testApp1";
				FRAMEWORK_SEARCH_PATHS = (
					"$(SDKROOT)/Developer/Library/Frameworks",
					"$(inherited)",
					"$(DEVELOPER_FRAMEWORKS_DIR)",
				);
				GCC_PRECOMPILE_PREFIX_HEADER = YES;
				GCC_PREFIX_HEADER = "testApp1/testApp1-Prefix.pch";
				INFOPLIST_FILE = "testApp1Tests/testApp1Tests-Info.plist";
				PRODUCT_NAME = "$(TARGET_NAME)";
				TEST_HOST = "$(BUNDLE_LOADER)";
				WRAPPER_EXTENSION = xctest;
			};
			name = Release;
		};
/* End XCBuildConfiguration section */

/* Begin XCConfigurationList section */
		4742123D193FF35300E371DA /* Build configuration list for PBXProject "testApp1" */ = {
			isa = XCConfigurationList;
			buildConfigurations = (
				47421272193FF35300E371DA /* Debug */,
				47421273193FF35300E371DA /* Release */,
			);
			defaultConfigurationIsVisible = 0;
			defaultConfigurationName = Release;
		};
		47421274193FF35300E371DA /* Build configuration list for PBXNativeTarget "testApp1" */ = {
			isa = XCConfigurationList;
			buildConfigurations = (
				47421275193FF35300E371DA /* Debug */,
				47421276193FF35300E371DA /* Release */,
			);
			defaultConfigurationIsVisible = 0;
		};
		47421277193FF35300E371DA /* Build configuration list for PBXNativeTarget "testApp1Tests" */ = {
			isa = XCConfigurationList;
			buildConfigurations = (
				47421278193FF35300E371DA /* Debug */,
				47421279193FF35300E371DA /* Release */,
			);
			defaultConfigurationIsVisible = 0;
		};
/* End XCConfigurationList section */
	};
	rootObject = 4742123A193FF35300E371DA /* Project object */;
}
