// !$*UTF8*$!
{
	archiveVersion = 1;
	classes = {
	};
	objectVersion = 46;
	objects = {

/* Begin PBXBuildFile section */
		47421287193FF8CF00E371DA /* Foundation.framework in Frameworks */ = {isa = PBXBuildFile; fileRef = 47421286193FF8CF00E371DA /* Foundation.framework */; };
		47421289193FF8CF00E371DA /* CoreGraphics.framework in Frameworks */ = {isa = PBXBuildFile; fileRef = 47421288193FF8CF00E371DA /* CoreGraphics.framework */; };
		4742128B193FF8CF00E371DA /* UIKit.framework in Frameworks */ = {isa = PBXBuildFile; fileRef = 4742128A193FF8CF00E371DA /* UIKit.framework */; };
		47421291193FF8CF00E371DA /* InfoPlist.strings in Resources */ = {isa = PBXBuildFile; fileRef = 4742128F193FF8CF00E371DA /* InfoPlist.strings */; };
		47421293193FF8CF00E371DA /* main.m in Sources */ = {isa = PBXBuildFile; fileRef = 47421292193FF8CF00E371DA /* main.m */; };
		47421297193FF8CF00E371DA /* WMAppDelegate.m in Sources */ = {isa = PBXBuildFile; fileRef = 47421296193FF8CF00E371DA /* WMAppDelegate.m */; };
		4742129A193FF8CF00E371DA /* Main_iPhone.storyboard in Resources */ = {isa = PBXBuildFile; fileRef = 47421298193FF8CF00E371DA /* Main_iPhone.storyboard */; };
		4742129D193FF8CF00E371DA /* Main_iPad.storyboard in Resources */ = {isa = PBXBuildFile; fileRef = 4742129B193FF8CF00E371DA /* Main_iPad.storyboard */; };
		474212A0193FF8CF00E371DA /* WMViewController.m in Sources */ = {isa = PBXBuildFile; fileRef = 4742129F193FF8CF00E371DA /* WMViewController.m */; };
		474212A2193FF8CF00E371DA /* Images.xcassets in Resources */ = {isa = PBXBuildFile; fileRef = 474212A1193FF8CF00E371DA /* Images.xcassets */; };
		474212A9193FF8CF00E371DA /* XCTest.framework in Frameworks */ = {isa = PBXBuildFile; fileRef = 474212A8193FF8CF00E371DA /* XCTest.framework */; };
		474212AA193FF8CF00E371DA /* Foundation.framework in Frameworks */ = {isa = PBXBuildFile; fileRef = 47421286193FF8CF00E371DA /* Foundation.framework */; };
		474212AB193FF8CF00E371DA /* UIKit.framework in Frameworks */ = {isa = PBXBuildFile; fileRef = 4742128A193FF8CF00E371DA /* UIKit.framework */; };
		474212B3193FF8CF00E371DA /* InfoPlist.strings in Resources */ = {isa = PBXBuildFile; fileRef = 474212B1193FF8CF00E371DA /* InfoPlist.strings */; };
		474212B5193FF8CF00E371DA /* WatermelonTests.m in Sources */ = {isa = PBXBuildFile; fileRef = 474212B4193FF8CF00E371DA /* WatermelonTests.m */; };
/* End PBXBuildFile section */

/* Begin PBXContainerItemProxy section */
		474212AC193FF8CF00E371DA /* PBXContainerItemProxy */ = {
			isa = PBXContainerItemProxy;
			containerPortal = 4742127B193FF8CF00E371DA /* Project object */;
			proxyType = 1;
			remoteGlobalIDString = 47421282193FF8CF00E371DA;
			remoteInfo = Watermelon;
		};
/* End PBXContainerItemProxy section */

/* Begin PBXFileReference section */
		47421283193FF8CF00E371DA /* Watermelon.app */ = {isa = PBXFileReference; explicitFileType = wrapper.application; includeInIndex = 0; path = Watermelon.app; sourceTree = BUILT_PRODUCTS_DIR; };
		47421286193FF8CF00E371DA /* Foundation.framework */ = {isa = PBXFileReference; lastKnownFileType = wrapper.framework; name = Foundation.framework; path = System/Library/Frameworks/Foundation.framework; sourceTree = SDKROOT; };
		47421288193FF8CF00E371DA /* CoreGraphics.framework */ = {isa = PBXFileReference; lastKnownFileType = wrapper.framework; name = CoreGraphics.framework; path = System/Library/Frameworks/CoreGraphics.framework; sourceTree = SDKROOT; };
		4742128A193FF8CF00E371DA /* UIKit.framework */ = {isa = PBXFileReference; lastKnownFileType = wrapper.framework; name = UIKit.framework; path = System/Library/Frameworks/UIKit.framework; sourceTree = SDKROOT; };
		4742128E193FF8CF00E371DA /* Watermelon-Info.plist */ = {isa = PBXFileReference; lastKnownFileType = text.plist.xml; path = "Watermelon-Info.plist"; sourceTree = "<group>"; };
		47421290193FF8CF00E371DA /* en */ = {isa = PBXFileReference; lastKnownFileType = text.plist.strings; name = en; path = en.lproj/InfoPlist.strings; sourceTree = "<group>"; };
		47421292193FF8CF00E371DA /* main.m */ = {isa = PBXFileReference; lastKnownFileType = sourcecode.c.objc; path = main.m; sourceTree = "<group>"; };
		47421294193FF8CF00E371DA /* Watermelon-Prefix.pch */ = {isa = PBXFileReference; lastKnownFileType = sourcecode.c.h; path = "Watermelon-Prefix.pch"; sourceTree = "<group>"; };
		47421295193FF8CF00E371DA /* WMAppDelegate.h */ = {isa = PBXFileReference; lastKnownFileType = sourcecode.c.h; path = WMAppDelegate.h; sourceTree = "<group>"; };
		47421296193FF8CF00E371DA /* WMAppDelegate.m */ = {isa = PBXFileReference; lastKnownFileType = sourcecode.c.objc; path = WMAppDelegate.m; sourceTree = "<group>"; };
		47421299193FF8CF00E371DA /* Base */ = {isa = PBXFileReference; lastKnownFileType = file.storyboard; name = Base; path = Base.lproj/Main_iPhone.storyboard; sourceTree = "<group>"; };
		4742129C193FF8CF00E371DA /* Base */ = {isa = PBXFileReference; lastKnownFileType = file.storyboard; name = Base; path = Base.lproj/Main_iPad.storyboard; sourceTree = "<group>"; };
		4742129E193FF8CF00E371DA /* WMViewController.h */ = {isa = PBXFileReference; lastKnownFileType = sourcecode.c.h; path = WMViewController.h; sourceTree = "<group>"; };
		4742129F193FF8CF00E371DA /* WMViewController.m */ = {isa = PBXFileReference; lastKnownFileType = sourcecode.c.objc; path = WMViewController.m; sourceTree = "<group>"; };
		474212A1193FF8CF00E371DA /* Images.xcassets */ = {isa = PBXFileReference; lastKnownFileType = folder.assetcatalog; path = Images.xcassets; sourceTree = "<group>"; };
		474212A7193FF8CF00E371DA /* WatermelonTests.xctest */ = {isa = PBXFileReference; explicitFileType = wrapper.cfbundle; includeInIndex = 0; path = WatermelonTests.xctest; sourceTree = BUILT_PRODUCTS_DIR; };
		474212A8193FF8CF00E371DA /* XCTest.framework */ = {isa = PBXFileReference; lastKnownFileType = wrapper.framework; name = XCTest.framework; path = Library/Frameworks/XCTest.framework; sourceTree = DEVELOPER_DIR; };
		474212B0193FF8CF00E371DA /* WatermelonTests-Info.plist */ = {isa = PBXFileReference; lastKnownFileType = text.plist.xml; path = "WatermelonTests-Info.plist"; sourceTree = "<group>"; };
		474212B2193FF8CF00E371DA /* en */ = {isa = PBXFileReference; lastKnownFileType = text.plist.strings; name = en; path = en.lproj/InfoPlist.strings; sourceTree = "<group>"; };
		474212B4193FF8CF00E371DA /* WatermelonTests.m */ = {isa = PBXFileReference; lastKnownFileType = sourcecode.c.objc; path = WatermelonTests.m; sourceTree = "<group>"; };
/* End PBXFileReference section */

/* Begin PBXFrameworksBuildPhase section */
		47421280193FF8CF00E371DA /* Frameworks */ = {
			isa = PBXFrameworksBuildPhase;
			buildActionMask = 2147483647;
			files = (
				47421289193FF8CF00E371DA /* CoreGraphics.framework in Frameworks */,
				4742128B193FF8CF00E371DA /* UIKit.framework in Frameworks */,
				47421287193FF8CF00E371DA /* Foundation.framework in Frameworks */,
			);
			runOnlyForDeploymentPostprocessing = 0;
		};
		474212A4193FF8CF00E371DA /* Frameworks */ = {
			isa = PBXFrameworksBuildPhase;
			buildActionMask = 2147483647;
			files = (
				474212A9193FF8CF00E371DA /* XCTest.framework in Frameworks */,
				474212AB193FF8CF00E371DA /* UIKit.framework in Frameworks */,
				474212AA193FF8CF00E371DA /* Foundation.framework in Frameworks */,
			);
			runOnlyForDeploymentPostprocessing = 0;
		};
/* End PBXFrameworksBuildPhase section */

/* Begin PBXGroup section */
		4742127A193FF8CF00E371DA = {
			isa = PBXGroup;
			children = (
				4742128C193FF8CF00E371DA /* Watermelon */,
				474212AE193FF8CF00E371DA /* WatermelonTests */,
				47421285193FF8CF00E371DA /* Frameworks */,
				47421284193FF8CF00E371DA /* Products */,
			);
			sourceTree = "<group>";
		};
		47421284193FF8CF00E371DA /* Products */ = {
			isa = PBXGroup;
			children = (
				47421283193FF8CF00E371DA /* Watermelon.app */,
				474212A7193FF8CF00E371DA /* WatermelonTests.xctest */,
			);
			name = Products;
			sourceTree = "<group>";
		};
		47421285193FF8CF00E371DA /* Frameworks */ = {
			isa = PBXGroup;
			children = (
				47421286193FF8CF00E371DA /* Foundation.framework */,
				47421288193FF8CF00E371DA /* CoreGraphics.framework */,
				4742128A193FF8CF00E371DA /* UIKit.framework */,
				474212A8193FF8CF00E371DA /* XCTest.framework */,
			);
			name = Frameworks;
			sourceTree = "<group>";
		};
		4742128C193FF8CF00E371DA /* Watermelon */ = {
			isa = PBXGroup;
			children = (
				47421295193FF8CF00E371DA /* WMAppDelegate.h */,
				47421296193FF8CF00E371DA /* WMAppDelegate.m */,
				47421298193FF8CF00E371DA /* Main_iPhone.storyboard */,
				4742129B193FF8CF00E371DA /* Main_iPad.storyboard */,
				4742129E193FF8CF00E371DA /* WMViewController.h */,
				4742129F193FF8CF00E371DA /* WMViewController.m */,
				474212A1193FF8CF00E371DA /* Images.xcassets */,
				4742128D193FF8CF00E371DA /* Supporting Files */,
			);
			path = Watermelon;
			sourceTree = "<group>";
		};
		4742128D193FF8CF00E371DA /* Supporting Files */ = {
			isa = PBXGroup;
			children = (
				4742128E193FF8CF00E371DA /* Watermelon-Info.plist */,
				4742128F193FF8CF00E371DA /* InfoPlist.strings */,
				47421292193FF8CF00E371DA /* main.m */,
				47421294193FF8CF00E371DA /* Watermelon-Prefix.pch */,
			);
			name = "Supporting Files";
			sourceTree = "<group>";
		};
		474212AE193FF8CF00E371DA /* WatermelonTests */ = {
			isa = PBXGroup;
			children = (
				474212B4193FF8CF00E371DA /* WatermelonTests.m */,
				474212AF193FF8CF00E371DA /* Supporting Files */,
			);
			path = WatermelonTests;
			sourceTree = "<group>";
		};
		474212AF193FF8CF00E371DA /* Supporting Files */ = {
			isa = PBXGroup;
			children = (
				474212B0193FF8CF00E371DA /* WatermelonTests-Info.plist */,
				474212B1193FF8CF00E371DA /* InfoPlist.strings */,
			);
			name = "Supporting Files";
			sourceTree = "<group>";
		};
/* End PBXGroup section */

/* Begin PBXNativeTarget section */
		47421282193FF8CF00E371DA /* Watermelon */ = {
			isa = PBXNativeTarget;
			buildConfigurationList = 474212B8193FF8CF00E371DA /* Build configuration list for PBXNativeTarget "Watermelon" */;
			buildPhases = (
				4742127F193FF8CF00E371DA /* Sources */,
				47421280193FF8CF00E371DA /* Frameworks */,
				47421281193FF8CF00E371DA /* Resources */,
			);
			buildRules = (
			);
			dependencies = (
			);
			name = Watermelon;
			productName = Watermelon;
			productReference = 47421283193FF8CF00E371DA /* Watermelon.app */;
			productType = "com.apple.product-type.application";
		};
		474212A6193FF8CF00E371DA /* WatermelonTests */ = {
			isa = PBXNativeTarget;
			buildConfigurationList = 474212BB193FF8CF00E371DA /* Build configuration list for PBXNativeTarget "WatermelonTests" */;
			buildPhases = (
				474212A3193FF8CF00E371DA /* Sources */,
				474212A4193FF8CF00E371DA /* Frameworks */,
				474212A5193FF8CF00E371DA /* Resources */,
			);
			buildRules = (
			);
			dependencies = (
				474212AD193FF8CF00E371DA /* PBXTargetDependency */,
			);
			name = WatermelonTests;
			productName = WatermelonTests;
			productReference = 474212A7193FF8CF00E371DA /* WatermelonTests.xctest */;
			productType = "com.apple.product-type.bundle.unit-test";
		};
/* End PBXNativeTarget section */

/* Begin PBXProject section */
		4742127B193FF8CF00E371DA /* Project object */ = {
			isa = PBXProject;
			attributes = {
				CLASSPREFIX = WM;
				LastUpgradeCheck = 0510;
				ORGANIZATIONNAME = "ZhongLin Yuan";
				TargetAttributes = {
					474212A6193FF8CF00E371DA = {
						TestTargetID = 47421282193FF8CF00E371DA;
					};
				};
			};
			buildConfigurationList = 4742127E193FF8CF00E371DA /* Build configuration list for PBXProject "Watermelon" */;
			compatibilityVersion = "Xcode 3.2";
			developmentRegion = English;
			hasScannedForEncodings = 0;
			knownRegions = (
				en,
				Base,
			);
			mainGroup = 4742127A193FF8CF00E371DA;
			productRefGroup = 47421284193FF8CF00E371DA /* Products */;
			projectDirPath = "";
			projectRoot = "";
			targets = (
				47421282193FF8CF00E371DA /* Watermelon */,
				474212A6193FF8CF00E371DA /* WatermelonTests */,
			);
		};
/* End PBXProject section */

/* Begin PBXResourcesBuildPhase section */
		47421281193FF8CF00E371DA /* Resources */ = {
			isa = PBXResourcesBuildPhase;
			buildActionMask = 2147483647;
			files = (
				4742129D193FF8CF00E371DA /* Main_iPad.storyboard in Resources */,
				474212A2193FF8CF00E371DA /* Images.xcassets in Resources */,
				4742129A193FF8CF00E371DA /* Main_iPhone.storyboard in Resources */,
				47421291193FF8CF00E371DA /* InfoPlist.strings in Resources */,
			);
			runOnlyForDeploymentPostprocessing = 0;
		};
		474212A5193FF8CF00E371DA /* Resources */ = {
			isa = PBXResourcesBuildPhase;
			buildActionMask = 2147483647;
			files = (
				474212B3193FF8CF00E371DA /* InfoPlist.strings in Resources */,
			);
			runOnlyForDeploymentPostprocessing = 0;
		};
/* End PBXResourcesBuildPhase section */

/* Begin PBXSourcesBuildPhase section */
		4742127F193FF8CF00E371DA /* Sources */ = {
			isa = PBXSourcesBuildPhase;
			buildActionMask = 2147483647;
			files = (
				474212A0193FF8CF00E371DA /* WMViewController.m in Sources */,
				47421297193FF8CF00E371DA /* WMAppDelegate.m in Sources */,
				47421293193FF8CF00E371DA /* main.m in Sources */,
			);
			runOnlyForDeploymentPostprocessing = 0;
		};
		474212A3193FF8CF00E371DA /* Sources */ = {
			isa = PBXSourcesBuildPhase;
			buildActionMask = 2147483647;
			files = (
				474212B5193FF8CF00E371DA /* WatermelonTests.m in Sources */,
			);
			runOnlyForDeploymentPostprocessing = 0;
		};
/* End PBXSourcesBuildPhase section */

/* Begin PBXTargetDependency section */
		474212AD193FF8CF00E371DA /* PBXTargetDependency */ = {
			isa = PBXTargetDependency;
			target = 47421282193FF8CF00E371DA /* Watermelon */;
			targetProxy = 474212AC193FF8CF00E371DA /* PBXContainerItemProxy */;
		};
/* End PBXTargetDependency section */

/* Begin PBXVariantGroup section */
		4742128F193FF8CF00E371DA /* InfoPlist.strings */ = {
			isa = PBXVariantGroup;
			children = (
				47421290193FF8CF00E371DA /* en */,
			);
			name = InfoPlist.strings;
			sourceTree = "<group>";
		};
		47421298193FF8CF00E371DA /* Main_iPhone.storyboard */ = {
			isa = PBXVariantGroup;
			children = (
				47421299193FF8CF00E371DA /* Base */,
			);
			name = Main_iPhone.storyboard;
			sourceTree = "<group>";
		};
		4742129B193FF8CF00E371DA /* Main_iPad.storyboard */ = {
			isa = PBXVariantGroup;
			children = (
				4742129C193FF8CF00E371DA /* Base */,
			);
			name = Main_iPad.storyboard;
			sourceTree = "<group>";
		};
		474212B1193FF8CF00E371DA /* InfoPlist.strings */ = {
			isa = PBXVariantGroup;
			children = (
				474212B2193FF8CF00E371DA /* en */,
			);
			name = InfoPlist.strings;
			sourceTree = "<group>";
		};
/* End PBXVariantGroup section */

/* Begin XCBuildConfiguration section */
		474212B6193FF8CF00E371DA /* Debug */ = {
			isa = XCBuildConfiguration;
			buildSettings = {
				ALWAYS_SEARCH_USER_PATHS = NO;
				CLANG_CXX_LANGUAGE_STANDARD = "gnu++0x";
				CLANG_CXX_LIBRARY = "libc++";
				CLANG_ENABLE_MODULES = YES;
				CLANG_ENABLE_OBJC_ARC = YES;
				CLANG_WARN_BOOL_CONVERSION = YES;
				CLANG_WARN_CONSTANT_CONVERSION = YES;
				CLANG_WARN_DIRECT_OBJC_ISA_USAGE = YES_ERROR;
				CLANG_WARN_EMPTY_BODY = YES;
				CLANG_WARN_ENUM_CONVERSION = YES;
				CLANG_WARN_INT_CONVERSION = YES;
				CLANG_WARN_OBJC_ROOT_CLASS = YES_ERROR;
				CLANG_WARN__DUPLICATE_METHOD_MATCH = YES;
				"CODE_SIGN_IDENTITY[sdk=iphoneos*]" = "iPhone Developer";
				COPY_PHASE_STRIP = NO;
				GCC_C_LANGUAGE_STANDARD = gnu99;
				GCC_DYNAMIC_NO_PIC = NO;
				GCC_OPTIMIZATION_LEVEL = 0;
				GCC_PREPROCESSOR_DEFINITIONS = (
					"DEBUG=1",
					"$(inherited)",
				);
				GCC_SYMBOLS_PRIVATE_EXTERN = NO;
				GCC_WARN_64_TO_32_BIT_CONVERSION = YES;
				GCC_WARN_ABOUT_RETURN_TYPE = YES_ERROR;
				GCC_WARN_UNDECLARED_SELECTOR = YES;
				GCC_WARN_UNINITIALIZED_AUTOS = YES_AGGRESSIVE;
				GCC_WARN_UNUSED_FUNCTION = YES;
				GCC_WARN_UNUSED_VARIABLE = YES;
				IPHONEOS_DEPLOYMENT_TARGET = 7.1;
				ONLY_ACTIVE_ARCH = YES;
				SDKROOT = iphoneos;
				TARGETED_DEVICE_FAMILY = "1,2";
			};
			name = Debug;
		};
		474212B7193FF8CF00E371DA /* Release */ = {
			isa = XCBuildConfiguration;
			buildSettings = {
				ALWAYS_SEARCH_USER_PATHS = NO;
				CLANG_CXX_LANGUAGE_STANDARD = "gnu++0x";
				CLANG_CXX_LIBRARY = "libc++";
				CLANG_ENABLE_MODULES = YES;
				CLANG_ENABLE_OBJC_ARC = YES;
				CLANG_WARN_BOOL_CONVERSION = YES;
				CLANG_WARN_CONSTANT_CONVERSION = YES;
				CLANG_WARN_DIRECT_OBJC_ISA_USAGE = YES_ERROR;
				CLANG_WARN_EMPTY_BODY = YES;
				CLANG_WARN_ENUM_CONVERSION = YES;
				CLANG_WARN_INT_CONVERSION = YES;
				CLANG_WARN_OBJC_ROOT_CLASS = YES_ERROR;
				CLANG_WARN__DUPLICATE_METHOD_MATCH = YES;
				"CODE_SIGN_IDENTITY[sdk=iphoneos*]" = "iPhone Developer";
				COPY_PHASE_STRIP = YES;
				ENABLE_NS_ASSERTIONS = NO;
				GCC_C_LANGUAGE_STANDARD = gnu99;
				GCC_WARN_64_TO_32_BIT_CONVERSION = YES;
				GCC_WARN_ABOUT_RETURN_TYPE = YES_ERROR;
				GCC_WARN_UNDECLARED_SELECTOR = YES;
				GCC_WARN_UNINITIALIZED_AUTOS = YES_AGGRESSIVE;
				GCC_WARN_UNUSED_FUNCTION = YES;
				GCC_WARN_UNUSED_VARIABLE = YES;
				IPHONEOS_DEPLOYMENT_TARGET = 7.1;
				SDKROOT = iphoneos;
				TARGETED_DEVICE_FAMILY = "1,2";
				VALIDATE_PRODUCT = YES;
			};
			name = Release;
		};
		474212B9193FF8CF00E371DA /* Debug */ = {
			isa = XCBuildConfiguration;
			buildSettings = {
				ASSETCATALOG_COMPILER_APPICON_NAME = AppIcon;
				ASSETCATALOG_COMPILER_LAUNCHIMAGE_NAME = LaunchImage;
				GCC_PRECOMPILE_PREFIX_HEADER = YES;
				GCC_PREFIX_HEADER = "Watermelon/Watermelon-Prefix.pch";
				INFOPLIST_FILE = "Watermelon/Watermelon-Info.plist";
				PRODUCT_NAME = "$(TARGET_NAME)";
				WRAPPER_EXTENSION = app;
			};
			name = Debug;
		};
		474212BA193FF8CF00E371DA /* Release */ = {
			isa = XCBuildConfiguration;
			buildSettings = {
				ASSETCATALOG_COMPILER_APPICON_NAME = AppIcon;
				ASSETCATALOG_COMPILER_LAUNCHIMAGE_NAME = LaunchImage;
				GCC_PRECOMPILE_PREFIX_HEADER = YES;
				GCC_PREFIX_HEADER = "Watermelon/Watermelon-Prefix.pch";
				INFOPLIST_FILE = "Watermelon/Watermelon-Info.plist";
				PRODUCT_NAME = "$(TARGET_NAME)";
				WRAPPER_EXTENSION = app;
			};
			name = Release;
		};
		474212BC193FF8CF00E371DA /* Debug */ = {
			isa = XCBuildConfiguration;
			buildSettings = {
				BUNDLE_LOADER = "$(BUILT_PRODUCTS_DIR)/Watermelon.app/Watermelon";
				FRAMEWORK_SEARCH_PATHS = (
					"$(SDKROOT)/Developer/Library/Frameworks",
					"$(inherited)",
					"$(DEVELOPER_FRAMEWORKS_DIR)",
				);
				GCC_PRECOMPILE_PREFIX_HEADER = YES;
				GCC_PREFIX_HEADER = "Watermelon/Watermelon-Prefix.pch";
				GCC_PREPROCESSOR_DEFINITIONS = (
					"DEBUG=1",
					"$(inherited)",
				);
				INFOPLIST_FILE = "WatermelonTests/WatermelonTests-Info.plist";
				PRODUCT_NAME = "$(TARGET_NAME)";
				TEST_HOST = "$(BUNDLE_LOADER)";
				WRAPPER_EXTENSION = xctest;
			};
			name = Debug;
		};
		474212BD193FF8CF00E371DA /* Release */ = {
			isa = XCBuildConfiguration;
			buildSettings = {
				BUNDLE_LOADER = "$(BUILT_PRODUCTS_DIR)/Watermelon.app/Watermelon";
				FRAMEWORK_SEARCH_PATHS = (
					"$(SDKROOT)/Developer/Library/Frameworks",
					"$(inherited)",
					"$(DEVELOPER_FRAMEWORKS_DIR)",
				);
				GCC_PRECOMPILE_PREFIX_HEADER = YES;
				GCC_PREFIX_HEADER = "Watermelon/Watermelon-Prefix.pch";
				INFOPLIST_FILE = "WatermelonTests/WatermelonTests-Info.plist";
				PRODUCT_NAME = "$(TARGET_NAME)";
				TEST_HOST = "$(BUNDLE_LOADER)";
				WRAPPER_EXTENSION = xctest;
			};
			name = Release;
		};
/* End XCBuildConfiguration section */

/* Begin XCConfigurationList section */
		4742127E193FF8CF00E371DA /* Build configuration list for PBXProject "Watermelon" */ = {
			isa = XCConfigurationList;
			buildConfigurations = (
				474212B6193FF8CF00E371DA /* Debug */,
				474212B7193FF8CF00E371DA /* Release */,
			);
			defaultConfigurationIsVisible = 0;
			defaultConfigurationName = Release;
		};
		474212B8193FF8CF00E371DA /* Build configuration list for PBXNativeTarget "Watermelon" */ = {
			isa = XCConfigurationList;
			buildConfigurations = (
				474212B9193FF8CF00E371DA /* Debug */,
				474212BA193FF8CF00E371DA /* Release */,
			);
			defaultConfigurationIsVisible = 0;
		};
		474212BB193FF8CF00E371DA /* Build configuration list for PBXNativeTarget "WatermelonTests" */ = {
			isa = XCConfigurationList;
			buildConfigurations = (
				474212BC193FF8CF00E371DA /* Debug */,
				474212BD193FF8CF00E371DA /* Release */,
			);
			defaultConfigurationIsVisible = 0;
		};
/* End XCConfigurationList section */
	};
	rootObject = 4742127B193FF8CF00E371DA /* Project object */;
}
